
Microsoft Visual Studio Solution File, Format Version 12.00
# Visual Studio Version 17
VisualStudioVersion = 17.5.33627.172
MinimumVisualStudioVersion = 10.0.40219.1
Project("{FAE04EC0-301F-11D3-BF4B-00C04F79EFBC}") = "Product.WebApi", "Product.WebApi\Product.WebApi.csproj", "{8517AFD4-6699-4BD2-B969-BB026FB74ED4}"
EndProject
Global
	GlobalSection(SolutionConfigurationPlatforms) = preSolution
		Debug|Any CPU = Debug|Any CPU
		Release|Any CPU = Release|Any CPU
	EndGlobalSection
	GlobalSection(ProjectConfigurationPlatforms) = postSolution
		{8517AFD4-6699-4BD2-B969-BB026FB74ED4}.Debug|Any CPU.ActiveCfg = Debug|Any CPU
		{8517AFD4-6699-4BD2-B969-BB026FB74ED4}.Debug|Any CPU.Build.0 = Debug|Any CPU
		{8517AFD4-6699-4BD2-B969-BB026FB74ED4}.Release|Any CPU.ActiveCfg = Release|Any CPU
		{8517AFD4-6699-4BD2-B969-BB026FB74ED4}.Release|Any CPU.Build.0 = Release|Any CPU
	EndGlobalSection
	GlobalSection(SolutionProperties) = preSolution
		HideSolutionNode = FALSE
	EndGlobalSection
	GlobalSection(ExtensibilityGlobals) = postSolution
		SolutionGuid = {FD216157-0B8E-47BD-977D-B02C5AB98715}
	EndGlobalSection
EndGlobal
